{
    "_readme": [
        "This file locks the dependencies of your project to a known state",
        "Read more about it at https://getcomposer.org/doc/01-basic-usage.md#composer-lock-the-lock-file",
        "This file is @generated automatically"
    ],
    "content-hash": "a9793bf17b45401d49284efa1f88b306",
    "packages": [
        {
            "name": "ballen/clip",
            "version": "2.2.0",
            "source": {
                "type": "git",
                "url": "https://github.com/allebb/clip.git",
                "reference": "9cb01ac8c0f257c0536548b012d4c6679807ad62"
            },
            "dist": {
                "type": "zip",
                "url": "https://api.github.com/repos/allebb/clip/zipball/9cb01ac8c0f257c0536548b012d4c6679807ad62",
                "reference": "9cb01ac8c0f257c0536548b012d4c6679807ad62",
                "shasum": ""
            },
            "require": {
                "ballen/collection": "^1.0",
                "php": ">=5.5.0"
            },
            "require-dev": {
                "phpunit/phpunit": "4.3.*"
            },
            "suggest": {
                "ext-posix": "Enables execution as super user (root) checking."
            },
            "type": "library",
            "autoload": {
                "psr-4": {
                    "Ballen\\Clip\\": "src/"
                }
            },
            "notification-url": "https://packagist.org/downloads/",
            "license": [
                "MIT"
            ],
            "authors": [
                {
                    "name": "Bobby Allen",
                    "email": "ballen@bobbyallen.me",
                    "homepage": "http://bobbyallen.me",
                    "role": "Developer"
                }
            ],
            "description": "A package for speeding up development of PHP console (CLI) applications.",
            "keywords": [
                "cli",
                "command",
                "commands",
                "console"
            ],
            "time": "2016-02-28T16:12:02+00:00"
        },
        {
            "name": "ballen/collection",
            "version": "1.0.6",
            "source": {
                "type": "git",
                "url": "https://github.com/allebb/collection.git",
                "reference": "07aae5f12b1950d98921b78a64c08c5b97e4943e"
            },
            "dist": {
                "type": "zip",
                "url": "https://api.github.com/repos/allebb/collection/zipball/07aae5f12b1950d98921b78a64c08c5b97e4943e",
                "reference": "07aae5f12b1950d98921b78a64c08c5b97e4943e",
                "shasum": ""
            },
            "require": {
                "php": ">=5.3.0"
            },
            "require-dev": {
                "phpunit/phpunit": "4.3.*"
            },
            "type": "library",
            "autoload": {
                "psr-4": {
                    "Ballen\\Collection\\": "lib/"
                }
            },
            "notification-url": "https://packagist.org/downloads/",
            "license": [
                "MIT"
            ],
            "authors": [
                {
                    "name": "Bobby Allen",
                    "email": "ballen@bobbyallen.me",
                    "homepage": "http://bobbyallen.me",
                    "role": "Developer"
                }
            ],
            "description": "A Collection library which provides OOP replacement for the traditional array data structure.",
            "keywords": [
                "array",
                "collection",
                "list"
            ],
            "time": "2016-12-04T19:00:15+00:00"
        },
        {
            "name": "ballen/executioner",
            "version": "3.0.0",
            "source": {
                "type": "git",
                "url": "https://github.com/allebb/executioner.git",
                "reference": "a0d08b4edcb3bb9da7bbe8caee6b854f59c936b0"
            },
            "dist": {
                "type": "zip",
                "url": "https://api.github.com/repos/allebb/executioner/zipball/a0d08b4edcb3bb9da7bbe8caee6b854f59c936b0",
                "reference": "a0d08b4edcb3bb9da7bbe8caee6b854f59c936b0",
                "shasum": ""
            },
            "require": {
                "ballen/collection": "^1.0",
                "php": ">=5.4.0"
            },
            "type": "library",
            "autoload": {
                "psr-4": {
                    "Ballen\\Executioner\\": "src/"
                }
            },
            "notification-url": "https://packagist.org/downloads/",
            "license": [
                "MIT"
            ],
            "authors": [
                {
                    "name": "Bobby Allen",
                    "email": "ballen@bobbyallen.me",
                    "homepage": "http://bobbyallen.me",
                    "role": "Developer"
                }
            ],
            "description": "Executioner is a PHP library for executing system processes and applications with the ability to pass extra arguments and read CLI output results.",
            "keywords": [
                "cli",
                "exec",
                "execute",
                "execution",
                "passthru",
                "process",
                "run"
            ],
            "time": "2015-12-25T09:21:30+00:00"
        },
        {
            "name": "ballen/gpio",
            "version": "1.0.4",
            "source": {
                "type": "git",
                "url": "https://github.com/allebb/gpio.git",
                "reference": "93cf9ed84c926b174988259014363be9634cf6fa"
            },
            "dist": {
                "type": "zip",
                "url": "https://api.github.com/repos/allebb/gpio/zipball/93cf9ed84c926b174988259014363be9634cf6fa",
                "reference": "93cf9ed84c926b174988259014363be9634cf6fa",
                "shasum": ""
            },
            "require": {
                "php": ">=7.0.0"
            },
            "require-dev": {
                "phpunit/phpunit": "5.7.*"
            },
            "type": "library",
            "autoload": {
                "psr-4": {
                    "Ballen\\GPIO\\": "src/"
                }
            },
            "notification-url": "https://packagist.org/downloads/",
            "license": [
                "GPLv3"
            ],
            "authors": [
                {
                    "name": "Bobby Allen",
                    "email": "ballen@bobbyallen.me",
                    "homepage": "http://bobbyallen.me",
                    "role": "Developer"
                }
            ],
            "description": "A RaspberryPi GPIO library written in PHP.",
            "keywords": [
                "GPIO",
                "RaspberryPi",
                "io",
                "rpi"
            ],
            "time": "2017-08-25T12:13:21+00:00"
        }
    ],
    "packages-dev": [],
    "aliases": [],
    "minimum-stability": "stable",
    "stability-flags": [],
    "prefer-stable": false,
    "prefer-lowest": false,
    "platform": {
        "php": ">=7.0.0"
    },
    "platform-dev": []
}
